
Microsoft Visual Studio Solution File, Format Version 12.00
# Visual Studio Version 17
VisualStudioVersion = 17.1.32421.90
MinimumVisualStudioVersion = 10.0.40219.1
Project("{FAE04EC0-301F-11D3-BF4B-00C04F79EFBC}") = "ArchivosBinarios", "ArchivosBinarios\ArchivosBinarios.csproj", "{BA7038E0-EC90-4A91-90D7-A5670E9D7C6C}"
EndProject
Global
	GlobalSection(SolutionConfigurationPlatforms) = preSolution
		Debug|Any CPU = Debug|Any CPU
		Release|Any CPU = Release|Any CPU
	EndGlobalSection
	GlobalSection(ProjectConfigurationPlatforms) = postSolution
		{BA7038E0-EC90-4A91-90D7-A5670E9D7C6C}.Debug|Any CPU.ActiveCfg = Debug|Any CPU
		{BA7038E0-EC90-4A91-90D7-A5670E9D7C6C}.Debug|Any CPU.Build.0 = Debug|Any CPU
		{BA7038E0-EC90-4A91-90D7-A5670E9D7C6C}.Release|Any CPU.ActiveCfg = Release|Any CPU
		{BA7038E0-EC90-4A91-90D7-A5670E9D7C6C}.Release|Any CPU.Build.0 = Release|Any CPU
	EndGlobalSection
	GlobalSection(SolutionProperties) = preSolution
		HideSolutionNode = FALSE
	EndGlobalSection
	GlobalSection(ExtensibilityGlobals) = postSolution
		SolutionGuid = {078625EF-9EA3-4BA3-A83A-CB83CE29DDF0}
	EndGlobalSection
EndGlobal
